
Microsoft Visual Studio Solution File, Format Version 12.00
# Visual Studio 15
VisualStudioVersion = 15.0.28307.271
MinimumVisualStudioVersion = 10.0.40219.1
Project("{FAE04EC0-301F-11D3-BF4B-00C04F79EFBC}") = "L1-Q4", "L1-Q4\L1-Q4.csproj", "{CFE939A4-D140-4BFB-80EF-F91AD0E2910D}"
EndProject
Global
	GlobalSection(SolutionConfigurationPlatforms) = preSolution
		Debug|Any CPU = Debug|Any CPU
		Release|Any CPU = Release|Any CPU
	EndGlobalSection
	GlobalSection(ProjectConfigurationPlatforms) = postSolution
		{CFE939A4-D140-4BFB-80EF-F91AD0E2910D}.Debug|Any CPU.ActiveCfg = Debug|Any CPU
		{CFE939A4-D140-4BFB-80EF-F91AD0E2910D}.Debug|Any CPU.Build.0 = Debug|Any CPU
		{CFE939A4-D140-4BFB-80EF-F91AD0E2910D}.Release|Any CPU.ActiveCfg = Release|Any CPU
		{CFE939A4-D140-4BFB-80EF-F91AD0E2910D}.Release|Any CPU.Build.0 = Release|Any CPU
	EndGlobalSection
	GlobalSection(SolutionProperties) = preSolution
		HideSolutionNode = FALSE
	EndGlobalSection
	GlobalSection(ExtensibilityGlobals) = postSolution
		SolutionGuid = {3918EB3E-5B11-42BF-834F-70698AA22C0C}
	EndGlobalSection
EndGlobal
